
Microsoft Visual Studio Solution File, Format Version 12.00
# Visual Studio Version 16
VisualStudioVersion = 16.0.31313.79
MinimumVisualStudioVersion = 10.0.40219.1
Project("{FAE04EC0-301F-11D3-BF4B-00C04F79EFBC}") = "JustDoIt", "JustDoIt.csproj", "{1D710FED-1571-4E0D-8E74-5EFD3FD80E03}"
EndProject
Global
	GlobalSection(SolutionConfigurationPlatforms) = preSolution
		Debug|Any CPU = Debug|Any CPU
		Release|Any CPU = Release|Any CPU
	EndGlobalSection
	GlobalSection(ProjectConfigurationPlatforms) = postSolution
		{1D710FED-1571-4E0D-8E74-5EFD3FD80E03}.Debug|Any CPU.ActiveCfg = Debug|Any CPU
		{1D710FED-1571-4E0D-8E74-5EFD3FD80E03}.Debug|Any CPU.Build.0 = Debug|Any CPU
		{1D710FED-1571-4E0D-8E74-5EFD3FD80E03}.Release|Any CPU.ActiveCfg = Release|Any CPU
		{1D710FED-1571-4E0D-8E74-5EFD3FD80E03}.Release|Any CPU.Build.0 = Release|Any CPU
	EndGlobalSection
	GlobalSection(SolutionProperties) = preSolution
		HideSolutionNode = FALSE
	EndGlobalSection
	GlobalSection(ExtensibilityGlobals) = postSolution
		SolutionGuid = {AF1F0372-2AE5-4DF3-9CC2-C0B99898EEC6}
	EndGlobalSection
EndGlobal
